
Microsoft Visual Studio Solution File, Format Version 12.00
# Visual Studio Version 16
VisualStudioVersion = 16.0.31624.102
MinimumVisualStudioVersion = 10.0.40219.1
Project("{8BC9CEB8-8B4A-11D0-8D11-00A0C91BC942}") = "DuiLibTest01", "DuiLibTest01\DuiLibTest01.vcxproj", "{7A44D8D1-C6FA-4093-A929-F0235C44B8CF}"
EndProject
Project("{8BC9CEB8-8B4A-11D0-8D11-00A0C91BC942}") = "CEFDuiLibTest", "CEFDuiLibTest\CEFDuiLibTest.vcxproj", "{1598A9CA-E105-4D5C-962C-864108904D57}"
EndProject
Global
	GlobalSection(SolutionConfigurationPlatforms) = preSolution
		Debug|x64 = Debug|x64
		Debug|x86 = Debug|x86
		Release|x64 = Release|x64
		Release|x86 = Release|x86
	EndGlobalSection
	GlobalSection(ProjectConfigurationPlatforms) = postSolution
		{7A44D8D1-C6FA-4093-A929-F0235C44B8CF}.Debug|x64.ActiveCfg = Debug|x64
		{7A44D8D1-C6FA-4093-A929-F0235C44B8CF}.Debug|x64.Build.0 = Debug|x64
		{7A44D8D1-C6FA-4093-A929-F0235C44B8CF}.Debug|x86.ActiveCfg = Debug|Win32
		{7A44D8D1-C6FA-4093-A929-F0235C44B8CF}.Debug|x86.Build.0 = Debug|Win32
		{7A44D8D1-C6FA-4093-A929-F0235C44B8CF}.Release|x64.ActiveCfg = Release|x64
		{7A44D8D1-C6FA-4093-A929-F0235C44B8CF}.Release|x64.Build.0 = Release|x64
		{7A44D8D1-C6FA-4093-A929-F0235C44B8CF}.Release|x86.ActiveCfg = Release|Win32
		{7A44D8D1-C6FA-4093-A929-F0235C44B8CF}.Release|x86.Build.0 = Release|Win32
		{1598A9CA-E105-4D5C-962C-864108904D57}.Debug|x64.ActiveCfg = Debug|x64
		{1598A9CA-E105-4D5C-962C-864108904D57}.Debug|x64.Build.0 = Debug|x64
		{1598A9CA-E105-4D5C-962C-864108904D57}.Debug|x86.ActiveCfg = Debug|Win32
		{1598A9CA-E105-4D5C-962C-864108904D57}.Debug|x86.Build.0 = Debug|Win32
		{1598A9CA-E105-4D5C-962C-864108904D57}.Release|x64.ActiveCfg = Release|x64
		{1598A9CA-E105-4D5C-962C-864108904D57}.Release|x64.Build.0 = Release|x64
		{1598A9CA-E105-4D5C-962C-864108904D57}.Release|x86.ActiveCfg = Release|Win32
		{1598A9CA-E105-4D5C-962C-864108904D57}.Release|x86.Build.0 = Release|Win32
	EndGlobalSection
	GlobalSection(SolutionProperties) = preSolution
		HideSolutionNode = FALSE
	EndGlobalSection
	GlobalSection(ExtensibilityGlobals) = postSolution
		SolutionGuid = {3D3772A9-A238-4534-B960-ED51E130FE3B}
	EndGlobalSection
EndGlobal
